
Microsoft Visual Studio Solution File, Format Version 12.00
# Visual Studio Version 17
VisualStudioVersion = 17.8.34511.84
MinimumVisualStudioVersion = 10.0.40219.1
Project("{FAE04EC0-301F-11D3-BF4B-00C04F79EFBC}") = "пр6", "пр6.csproj", "{0BA053C5-02A4-4F94-8731-3C0F677F589F}"
EndProject
Global
	GlobalSection(SolutionConfigurationPlatforms) = preSolution
		Debug|Any CPU = Debug|Any CPU
		Release|Any CPU = Release|Any CPU
	EndGlobalSection
	GlobalSection(ProjectConfigurationPlatforms) = postSolution
		{0BA053C5-02A4-4F94-8731-3C0F677F589F}.Debug|Any CPU.ActiveCfg = Debug|Any CPU
		{0BA053C5-02A4-4F94-8731-3C0F677F589F}.Debug|Any CPU.Build.0 = Debug|Any CPU
		{0BA053C5-02A4-4F94-8731-3C0F677F589F}.Release|Any CPU.ActiveCfg = Release|Any CPU
		{0BA053C5-02A4-4F94-8731-3C0F677F589F}.Release|Any CPU.Build.0 = Release|Any CPU
	EndGlobalSection
	GlobalSection(SolutionProperties) = preSolution
		HideSolutionNode = FALSE
	EndGlobalSection
	GlobalSection(ExtensibilityGlobals) = postSolution
		SolutionGuid = {E2A5013C-28E8-4B16-8569-403E104E094C}
	EndGlobalSection
EndGlobal
